# This file is generated by running "yarn install" inside your project.
# Manual changes might be lost - proceed with caution!

__metadata:
  version: 8
  cacheKey: 10c0

"js@workspace:.":
  version: 0.0.0-use.local
  resolution: "js@workspace:."
  dependencies:
    typescript: "npm:^6.0.3"
  languageName: unknown
  linkType: soft

"typescript@npm:^6.0.3":
  version: 6.0.3
  resolution: "typescript@npm:6.0.3"
  bin:
    tsc: bin/tsc
    tsserver: bin/tsserver
  checksum: 4a25ff5045b984370f48f196b3a0120779b1b343d40b9a68d114ea5e5fff099809b2bb777576991a63a5cd59cf7bffd96ff6fe10afcefbcb8bd6fb96ad4b6606
  languageName: node
  linkType: hard

"typescript@patch:typescript@npm%3A^6.0.3#optional!builtin<compat/typescript>":
  version: 6.0.3
  resolution: "typescript@patch:typescript@npm%3A6.0.3#optional!builtin<compat/typescript>::version=6.0.3&hash=29ae49"
  bin:
    tsc: bin/tsc
    tsserver: bin/tsserver
  checksum: eed465bd04b344517bd91eb232fd0187d93e34625c65ec93777449e29157c6c2accae409474a68a867b90465224d4908f9bce78ad763c159cacd7263ae24b5fc
  languageName: node
  linkType: hard
